
Microsoft Visual Studio Solution File, Format Version 12.00
# Visual Studio Version 16
VisualStudioVersion = 16.0.30114.105
MinimumVisualStudioVersion = 10.0.40219.1
Project("{FAE04EC0-301F-11D3-BF4B-00C04F79EFBC}") = "Mitekat.Web", "Mitekat.Web\Mitekat.Web.csproj", "{687B8CBC-05B7-4308-BD41-17FA69C0B4E5}"
EndProject
Project("{FAE04EC0-301F-11D3-BF4B-00C04F79EFBC}") = "Mitekat.Domain", "Mitekat.Domain\Mitekat.Domain.csproj", "{288C33CD-87F7-4F50-864B-329371905B3C}"
EndProject
Project("{FAE04EC0-301F-11D3-BF4B-00C04F79EFBC}") = "Mitekat.Persistence", "Mitekat.Persistence\Mitekat.Persistence.csproj", "{48BDD491-D83B-4D43-92B2-F66FEAB6EABA}"
EndProject
Project("{FAE04EC0-301F-11D3-BF4B-00C04F79EFBC}") = "Mitekat.Core", "Mitekat.Core\Mitekat.Core.csproj", "{B44C24DF-79B9-495D-9F98-36B4ADFA2D32}"
EndProject
Project("{FAE04EC0-301F-11D3-BF4B-00C04F79EFBC}") = "Mitekat.Helpers", "Mitekat.Helpers\Mitekat.Helpers.csproj", "{D47A9830-40B0-4DB9-B3DA-BD054B724D00}"
EndProject
Global
	GlobalSection(SolutionConfigurationPlatforms) = preSolution
		Debug|Any CPU = Debug|Any CPU
		Release|Any CPU = Release|Any CPU
	EndGlobalSection
	GlobalSection(SolutionProperties) = preSolution
		HideSolutionNode = FALSE
	EndGlobalSection
	GlobalSection(ProjectConfigurationPlatforms) = postSolution
		{687B8CBC-05B7-4308-BD41-17FA69C0B4E5}.Debug|Any CPU.ActiveCfg = Debug|Any CPU
		{687B8CBC-05B7-4308-BD41-17FA69C0B4E5}.Debug|Any CPU.Build.0 = Debug|Any CPU
		{687B8CBC-05B7-4308-BD41-17FA69C0B4E5}.Release|Any CPU.ActiveCfg = Release|Any CPU
		{687B8CBC-05B7-4308-BD41-17FA69C0B4E5}.Release|Any CPU.Build.0 = Release|Any CPU
		{288C33CD-87F7-4F50-864B-329371905B3C}.Debug|Any CPU.ActiveCfg = Debug|Any CPU
		{288C33CD-87F7-4F50-864B-329371905B3C}.Debug|Any CPU.Build.0 = Debug|Any CPU
		{288C33CD-87F7-4F50-864B-329371905B3C}.Release|Any CPU.ActiveCfg = Release|Any CPU
		{288C33CD-87F7-4F50-864B-329371905B3C}.Release|Any CPU.Build.0 = Release|Any CPU
		{48BDD491-D83B-4D43-92B2-F66FEAB6EABA}.Debug|Any CPU.ActiveCfg = Debug|Any CPU
		{48BDD491-D83B-4D43-92B2-F66FEAB6EABA}.Debug|Any CPU.Build.0 = Debug|Any CPU
		{48BDD491-D83B-4D43-92B2-F66FEAB6EABA}.Release|Any CPU.ActiveCfg = Release|Any CPU
		{48BDD491-D83B-4D43-92B2-F66FEAB6EABA}.Release|Any CPU.Build.0 = Release|Any CPU
		{B44C24DF-79B9-495D-9F98-36B4ADFA2D32}.Debug|Any CPU.ActiveCfg = Debug|Any CPU
		{B44C24DF-79B9-495D-9F98-36B4ADFA2D32}.Debug|Any CPU.Build.0 = Debug|Any CPU
		{B44C24DF-79B9-495D-9F98-36B4ADFA2D32}.Release|Any CPU.ActiveCfg = Release|Any CPU
		{B44C24DF-79B9-495D-9F98-36B4ADFA2D32}.Release|Any CPU.Build.0 = Release|Any CPU
		{D47A9830-40B0-4DB9-B3DA-BD054B724D00}.Debug|Any CPU.ActiveCfg = Debug|Any CPU
		{D47A9830-40B0-4DB9-B3DA-BD054B724D00}.Debug|Any CPU.Build.0 = Debug|Any CPU
		{D47A9830-40B0-4DB9-B3DA-BD054B724D00}.Release|Any CPU.ActiveCfg = Release|Any CPU
		{D47A9830-40B0-4DB9-B3DA-BD054B724D00}.Release|Any CPU.Build.0 = Release|Any CPU
	EndGlobalSection
EndGlobal
