
Microsoft Visual Studio Solution File, Format Version 12.00
# Visual Studio Version 16
VisualStudioVersion = 16.0.30114.105
MinimumVisualStudioVersion = 10.0.40219.1
Project("{FAE04EC0-301F-11D3-BF4B-00C04F79EFBC}") = "Mitekat.Application", "Mitekat.Application\Mitekat.Application.csproj", "{687B8CBC-05B7-4308-BD41-17FA69C0B4E5}"
EndProject
Project("{FAE04EC0-301F-11D3-BF4B-00C04F79EFBC}") = "Mitekat.Domain", "Mitekat.Domain\Mitekat.Domain.csproj", "{288C33CD-87F7-4F50-864B-329371905B3C}"
EndProject
Global
	GlobalSection(SolutionConfigurationPlatforms) = preSolution
		Debug|Any CPU = Debug|Any CPU
		Release|Any CPU = Release|Any CPU
	EndGlobalSection
	GlobalSection(SolutionProperties) = preSolution
		HideSolutionNode = FALSE
	EndGlobalSection
	GlobalSection(ProjectConfigurationPlatforms) = postSolution
		{687B8CBC-05B7-4308-BD41-17FA69C0B4E5}.Debug|Any CPU.ActiveCfg = Debug|Any CPU
		{687B8CBC-05B7-4308-BD41-17FA69C0B4E5}.Debug|Any CPU.Build.0 = Debug|Any CPU
		{687B8CBC-05B7-4308-BD41-17FA69C0B4E5}.Release|Any CPU.ActiveCfg = Release|Any CPU
		{687B8CBC-05B7-4308-BD41-17FA69C0B4E5}.Release|Any CPU.Build.0 = Release|Any CPU
		{288C33CD-87F7-4F50-864B-329371905B3C}.Debug|Any CPU.ActiveCfg = Debug|Any CPU
		{288C33CD-87F7-4F50-864B-329371905B3C}.Debug|Any CPU.Build.0 = Debug|Any CPU
		{288C33CD-87F7-4F50-864B-329371905B3C}.Release|Any CPU.ActiveCfg = Release|Any CPU
		{288C33CD-87F7-4F50-864B-329371905B3C}.Release|Any CPU.Build.0 = Release|Any CPU
	EndGlobalSection
EndGlobal
